
Microsoft Visual Studio Solution File, Format Version 12.00
# Visual Studio Version 17
VisualStudioVersion = 17.5.2.0
MinimumVisualStudioVersion = 10.0.40219.1
Project("{FAE04EC0-301F-11D3-BF4B-00C04F79EFBC}") = "AddressValidator.Console", "AddressValidator.Console\AddressValidator.Console.csproj", "{9A20997A-5409-4F07-170D-78FEC4255603}"
EndProject
Project("{FAE04EC0-301F-11D3-BF4B-00C04F79EFBC}") = "AddressValidator.Test", "AddressValidator.Test\AddressValidator.Test.csproj", "{5239C581-3FBE-44B9-8492-676B0647E449}"
EndProject
Global
	GlobalSection(SolutionConfigurationPlatforms) = preSolution
		Debug|Any CPU = Debug|Any CPU
		Debug|x64 = Debug|x64
		Debug|x86 = Debug|x86
		Release|Any CPU = Release|Any CPU
		Release|x64 = Release|x64
		Release|x86 = Release|x86
	EndGlobalSection
	GlobalSection(ProjectConfigurationPlatforms) = postSolution
		{9A20997A-5409-4F07-170D-78FEC4255603}.Debug|Any CPU.ActiveCfg = Debug|Any CPU
		{9A20997A-5409-4F07-170D-78FEC4255603}.Debug|Any CPU.Build.0 = Debug|Any CPU
		{9A20997A-5409-4F07-170D-78FEC4255603}.Debug|x64.ActiveCfg = Debug|Any CPU
		{9A20997A-5409-4F07-170D-78FEC4255603}.Debug|x64.Build.0 = Debug|Any CPU
		{9A20997A-5409-4F07-170D-78FEC4255603}.Debug|x86.ActiveCfg = Debug|Any CPU
		{9A20997A-5409-4F07-170D-78FEC4255603}.Debug|x86.Build.0 = Debug|Any CPU
		{9A20997A-5409-4F07-170D-78FEC4255603}.Release|Any CPU.ActiveCfg = Release|Any CPU
		{9A20997A-5409-4F07-170D-78FEC4255603}.Release|Any CPU.Build.0 = Release|Any CPU
		{9A20997A-5409-4F07-170D-78FEC4255603}.Release|x64.ActiveCfg = Release|Any CPU
		{9A20997A-5409-4F07-170D-78FEC4255603}.Release|x64.Build.0 = Release|Any CPU
		{9A20997A-5409-4F07-170D-78FEC4255603}.Release|x86.ActiveCfg = Release|Any CPU
		{9A20997A-5409-4F07-170D-78FEC4255603}.Release|x86.Build.0 = Release|Any CPU
		{5239C581-3FBE-44B9-8492-676B0647E449}.Debug|Any CPU.ActiveCfg = Debug|Any CPU
		{5239C581-3FBE-44B9-8492-676B0647E449}.Debug|Any CPU.Build.0 = Debug|Any CPU
		{5239C581-3FBE-44B9-8492-676B0647E449}.Debug|x64.ActiveCfg = Debug|Any CPU
		{5239C581-3FBE-44B9-8492-676B0647E449}.Debug|x64.Build.0 = Debug|Any CPU
		{5239C581-3FBE-44B9-8492-676B0647E449}.Debug|x86.ActiveCfg = Debug|Any CPU
		{5239C581-3FBE-44B9-8492-676B0647E449}.Debug|x86.Build.0 = Debug|Any CPU
		{5239C581-3FBE-44B9-8492-676B0647E449}.Release|Any CPU.ActiveCfg = Release|Any CPU
		{5239C581-3FBE-44B9-8492-676B0647E449}.Release|Any CPU.Build.0 = Release|Any CPU
		{5239C581-3FBE-44B9-8492-676B0647E449}.Release|x64.ActiveCfg = Release|Any CPU
		{5239C581-3FBE-44B9-8492-676B0647E449}.Release|x64.Build.0 = Release|Any CPU
		{5239C581-3FBE-44B9-8492-676B0647E449}.Release|x86.ActiveCfg = Release|Any CPU
		{5239C581-3FBE-44B9-8492-676B0647E449}.Release|x86.Build.0 = Release|Any CPU
	EndGlobalSection
	GlobalSection(SolutionProperties) = preSolution
		HideSolutionNode = FALSE
	EndGlobalSection
	GlobalSection(ExtensibilityGlobals) = postSolution
		SolutionGuid = {7E4C5699-093F-4FDD-ABFC-05706B48D69B}
	EndGlobalSection
EndGlobal
